// !$*UTF8*$!
{
	archiveVersion = 1;
	classes = {
	};
	objectVersion = 46;
	objects = {

/* Begin PBXBuildFile section */
		2C3B338F1C1175CE00738166 /* AppDelegate.swift in Sources */ = {isa = PBXBuildFile; fileRef = 2C3B338E1C1175CE00738166 /* AppDelegate.swift */; };
		2C3B33911C1175CE00738166 /* ViewController.swift in Sources */ = {isa = PBXBuildFile; fileRef = 2C3B33901C1175CE00738166 /* ViewController.swift */; };
		2C3B33941C1175CE00738166 /* Main.storyboard in Resources */ = {isa = PBXBuildFile; fileRef = 2C3B33921C1175CE00738166 /* Main.storyboard */; };
		2C3B33961C1175CE00738166 /* Assets.xcassets in Resources */ = {isa = PBXBuildFile; fileRef = 2C3B33951C1175CE00738166 /* Assets.xcassets */; };
		2C3B33991C1175CE00738166 /* LaunchScreen.storyboard in Resources */ = {isa = PBXBuildFile; fileRef = 2C3B33971C1175CE00738166 /* LaunchScreen.storyboard */; };
		2C3B33A41C1175CE00738166 /* CuriosTextTests.swift in Sources */ = {isa = PBXBuildFile; fileRef = 2C3B33A31C1175CE00738166 /* CuriosTextTests.swift */; };
		2C3B33AF1C1175CE00738166 /* CuriosTextUITests.swift in Sources */ = {isa = PBXBuildFile; fileRef = 2C3B33AE1C1175CE00738166 /* CuriosTextUITests.swift */; };
/* End PBXBuildFile section */

/* Begin PBXContainerItemProxy section */
		2C3B33A01C1175CE00738166 /* PBXContainerItemProxy */ = {
			isa = PBXContainerItemProxy;
			containerPortal = 2C3B33831C1175CE00738166 /* Project object */;
			proxyType = 1;
			remoteGlobalIDString = 2C3B338A1C1175CE00738166;
			remoteInfo = CuriosText;
		};
		2C3B33AB1C1175CE00738166 /* PBXContainerItemProxy */ = {
			isa = PBXContainerItemProxy;
			containerPortal = 2C3B33831C1175CE00738166 /* Project object */;
			proxyType = 1;
			remoteGlobalIDString = 2C3B338A1C1175CE00738166;
			remoteInfo = CuriosText;
		};
/* End PBXContainerItemProxy section */

/* Begin PBXFileReference section */
		2C3B338B1C1175CE00738166 /* CuriosText.app */ = {isa = PBXFileReference; explicitFileType = wrapper.application; includeInIndex = 0; path = CuriosText.app; sourceTree = BUILT_PRODUCTS_DIR; };
		2C3B338E1C1175CE00738166 /* AppDelegate.swift */ = {isa = PBXFileReference; lastKnownFileType = sourcecode.swift; path = AppDelegate.swift; sourceTree = "<group>"; };
		2C3B33901C1175CE00738166 /* ViewController.swift */ = {isa = PBXFileReference; lastKnownFileType = sourcecode.swift; path = ViewController.swift; sourceTree = "<group>"; };
		2C3B33931C1175CE00738166 /* Base */ = {isa = PBXFileReference; lastKnownFileType = file.storyboard; name = Base; path = Base.lproj/Main.storyboard; sourceTree = "<group>"; };
		2C3B33951C1175CE00738166 /* Assets.xcassets */ = {isa = PBXFileReference; lastKnownFileType = folder.assetcatalog; path = Assets.xcassets; sourceTree = "<group>"; };
		2C3B33981C1175CE00738166 /* Base */ = {isa = PBXFileReference; lastKnownFileType = file.storyboard; name = Base; path = Base.lproj/LaunchScreen.storyboard; sourceTree = "<group>"; };
		2C3B339A1C1175CE00738166 /* Info.plist */ = {isa = PBXFileReference; lastKnownFileType = text.plist.xml; path = Info.plist; sourceTree = "<group>"; };
		2C3B339F1C1175CE00738166 /* CuriosTextTests.xctest */ = {isa = PBXFileReference; explicitFileType = wrapper.cfbundle; includeInIndex = 0; path = CuriosTextTests.xctest; sourceTree = BUILT_PRODUCTS_DIR; };
		2C3B33A31C1175CE00738166 /* CuriosTextTests.swift */ = {isa = PBXFileReference; lastKnownFileType = sourcecode.swift; path = CuriosTextTests.swift; sourceTree = "<group>"; };
		2C3B33A51C1175CE00738166 /* Info.plist */ = {isa = PBXFileReference; lastKnownFileType = text.plist.xml; path = Info.plist; sourceTree = "<group>"; };
		2C3B33AA1C1175CE00738166 /* CuriosTextUITests.xctest */ = {isa = PBXFileReference; explicitFileType = wrapper.cfbundle; includeInIndex = 0; path = CuriosTextUITests.xctest; sourceTree = BUILT_PRODUCTS_DIR; };
		2C3B33AE1C1175CE00738166 /* CuriosTextUITests.swift */ = {isa = PBXFileReference; lastKnownFileType = sourcecode.swift; path = CuriosTextUITests.swift; sourceTree = "<group>"; };
		2C3B33B01C1175CE00738166 /* Info.plist */ = {isa = PBXFileReference; lastKnownFileType = text.plist.xml; path = Info.plist; sourceTree = "<group>"; };
/* End PBXFileReference section */

/* Begin PBXFrameworksBuildPhase section */
		2C3B33881C1175CE00738166 /* Frameworks */ = {
			isa = PBXFrameworksBuildPhase;
			buildActionMask = 2147483647;
			files = (
			);
			runOnlyForDeploymentPostprocessing = 0;
		};
		2C3B339C1C1175CE00738166 /* Frameworks */ = {
			isa = PBXFrameworksBuildPhase;
			buildActionMask = 2147483647;
			files = (
			);
			runOnlyForDeploymentPostprocessing = 0;
		};
		2C3B33A71C1175CE00738166 /* Frameworks */ = {
			isa = PBXFrameworksBuildPhase;
			buildActionMask = 2147483647;
			files = (
			);
			runOnlyForDeploymentPostprocessing = 0;
		};
/* End PBXFrameworksBuildPhase section */

/* Begin PBXGroup section */
		2C3B33821C1175CE00738166 = {
			isa = PBXGroup;
			children = (
				2C3B338D1C1175CE00738166 /* CuriosText */,
				2C3B33A21C1175CE00738166 /* CuriosTextTests */,
				2C3B33AD1C1175CE00738166 /* CuriosTextUITests */,
				2C3B338C1C1175CE00738166 /* Products */,
			);
			sourceTree = "<group>";
		};
		2C3B338C1C1175CE00738166 /* Products */ = {
			isa = PBXGroup;
			children = (
				2C3B338B1C1175CE00738166 /* CuriosText.app */,
				2C3B339F1C1175CE00738166 /* CuriosTextTests.xctest */,
				2C3B33AA1C1175CE00738166 /* CuriosTextUITests.xctest */,
			);
			name = Products;
			sourceTree = "<group>";
		};
		2C3B338D1C1175CE00738166 /* CuriosText */ = {
			isa = PBXGroup;
			children = (
				2C3B338E1C1175CE00738166 /* AppDelegate.swift */,
				2C3B33901C1175CE00738166 /* ViewController.swift */,
				2C3B33921C1175CE00738166 /* Main.storyboard */,
				2C3B33951C1175CE00738166 /* Assets.xcassets */,
				2C3B33971C1175CE00738166 /* LaunchScreen.storyboard */,
				2C3B339A1C1175CE00738166 /* Info.plist */,
			);
			path = CuriosText;
			sourceTree = "<group>";
		};
		2C3B33A21C1175CE00738166 /* CuriosTextTests */ = {
			isa = PBXGroup;
			children = (
				2C3B33A31C1175CE00738166 /* CuriosTextTests.swift */,
				2C3B33A51C1175CE00738166 /* Info.plist */,
			);
			path = CuriosTextTests;
			sourceTree = "<group>";
		};
		2C3B33AD1C1175CE00738166 /* CuriosTextUITests */ = {
			isa = PBXGroup;
			children = (
				2C3B33AE1C1175CE00738166 /* CuriosTextUITests.swift */,
				2C3B33B01C1175CE00738166 /* Info.plist */,
			);
			path = CuriosTextUITests;
			sourceTree = "<group>";
		};
/* End PBXGroup section */

/* Begin PBXNativeTarget section */
		2C3B338A1C1175CE00738166 /* CuriosText */ = {
			isa = PBXNativeTarget;
			buildConfigurationList = 2C3B33B31C1175CE00738166 /* Build configuration list for PBXNativeTarget "CuriosText" */;
			buildPhases = (
				2C3B33871C1175CE00738166 /* Sources */,
				2C3B33881C1175CE00738166 /* Frameworks */,
				2C3B33891C1175CE00738166 /* Resources */,
			);
			buildRules = (
			);
			dependencies = (
			);
			name = CuriosText;
			productName = CuriosText;
			productReference = 2C3B338B1C1175CE00738166 /* CuriosText.app */;
			productType = "com.apple.product-type.application";
		};
		2C3B339E1C1175CE00738166 /* CuriosTextTests */ = {
			isa = PBXNativeTarget;
			buildConfigurationList = 2C3B33B61C1175CE00738166 /* Build configuration list for PBXNativeTarget "CuriosTextTests" */;
			buildPhases = (
				2C3B339B1C1175CE00738166 /* Sources */,
				2C3B339C1C1175CE00738166 /* Frameworks */,
				2C3B339D1C1175CE00738166 /* Resources */,
			);
			buildRules = (
			);
			dependencies = (
				2C3B33A11C1175CE00738166 /* PBXTargetDependency */,
			);
			name = CuriosTextTests;
			productName = CuriosTextTests;
			productReference = 2C3B339F1C1175CE00738166 /* CuriosTextTests.xctest */;
			productType = "com.apple.product-type.bundle.unit-test";
		};
		2C3B33A91C1175CE00738166 /* CuriosTextUITests */ = {
			isa = PBXNativeTarget;
			buildConfigurationList = 2C3B33B91C1175CE00738166 /* Build configuration list for PBXNativeTarget "CuriosTextUITests" */;
			buildPhases = (
				2C3B33A61C1175CE00738166 /* Sources */,
				2C3B33A71C1175CE00738166 /* Frameworks */,
				2C3B33A81C1175CE00738166 /* Resources */,
			);
			buildRules = (
			);
			dependencies = (
				2C3B33AC1C1175CE00738166 /* PBXTargetDependency */,
			);
			name = CuriosTextUITests;
			productName = CuriosTextUITests;
			productReference = 2C3B33AA1C1175CE00738166 /* CuriosTextUITests.xctest */;
			productType = "com.apple.product-type.bundle.ui-testing";
		};
/* End PBXNativeTarget section */

/* Begin PBXProject section */
		2C3B33831C1175CE00738166 /* Project object */ = {
			isa = PBXProject;
			attributes = {
				LastSwiftUpdateCheck = 0710;
				LastUpgradeCheck = 0710;
				ORGANIZATIONNAME = botai;
				TargetAttributes = {
					2C3B338A1C1175CE00738166 = {
						CreatedOnToolsVersion = 7.1.1;
					};
					2C3B339E1C1175CE00738166 = {
						CreatedOnToolsVersion = 7.1.1;
						TestTargetID = 2C3B338A1C1175CE00738166;
					};
					2C3B33A91C1175CE00738166 = {
						CreatedOnToolsVersion = 7.1.1;
						TestTargetID = 2C3B338A1C1175CE00738166;
					};
				};
			};
			buildConfigurationList = 2C3B33861C1175CE00738166 /* Build configuration list for PBXProject "CuriosText" */;
			compatibilityVersion = "Xcode 3.2";
			developmentRegion = English;
			hasScannedForEncodings = 0;
			knownRegions = (
				en,
				Base,
			);
			mainGroup = 2C3B33821C1175CE00738166;
			productRefGroup = 2C3B338C1C1175CE00738166 /* Products */;
			projectDirPath = "";
			projectRoot = "";
			targets = (
				2C3B338A1C1175CE00738166 /* CuriosText */,
				2C3B339E1C1175CE00738166 /* CuriosTextTests */,
				2C3B33A91C1175CE00738166 /* CuriosTextUITests */,
			);
		};
/* End PBXProject section */

/* Begin PBXResourcesBuildPhase section */
		2C3B33891C1175CE00738166 /* Resources */ = {
			isa = PBXResourcesBuildPhase;
			buildActionMask = 2147483647;
			files = (
				2C3B33991C1175CE00738166 /* LaunchScreen.storyboard in Resources */,
				2C3B33961C1175CE00738166 /* Assets.xcassets in Resources */,
				2C3B33941C1175CE00738166 /* Main.storyboard in Resources */,
			);
			runOnlyForDeploymentPostprocessing = 0;
		};
		2C3B339D1C1175CE00738166 /* Resources */ = {
			isa = PBXResourcesBuildPhase;
			buildActionMask = 2147483647;
			files = (
			);
			runOnlyForDeploymentPostprocessing = 0;
		};
		2C3B33A81C1175CE00738166 /* Resources */ = {
			isa = PBXResourcesBuildPhase;
			buildActionMask = 2147483647;
			files = (
			);
			runOnlyForDeploymentPostprocessing = 0;
		};
/* End PBXResourcesBuildPhase section */

/* Begin PBXSourcesBuildPhase section */
		2C3B33871C1175CE00738166 /* Sources */ = {
			isa = PBXSourcesBuildPhase;
			buildActionMask = 2147483647;
			files = (
				2C3B33911C1175CE00738166 /* ViewController.swift in Sources */,
				2C3B338F1C1175CE00738166 /* AppDelegate.swift in Sources */,
			);
			runOnlyForDeploymentPostprocessing = 0;
		};
		2C3B339B1C1175CE00738166 /* Sources */ = {
			isa = PBXSourcesBuildPhase;
			buildActionMask = 2147483647;
			files = (
				2C3B33A41C1175CE00738166 /* CuriosTextTests.swift in Sources */,
			);
			runOnlyForDeploymentPostprocessing = 0;
		};
		2C3B33A61C1175CE00738166 /* Sources */ = {
			isa = PBXSourcesBuildPhase;
			buildActionMask = 2147483647;
			files = (
				2C3B33AF1C1175CE00738166 /* CuriosTextUITests.swift in Sources */,
			);
			runOnlyForDeploymentPostprocessing = 0;
		};
/* End PBXSourcesBuildPhase section */

/* Begin PBXTargetDependency section */
		2C3B33A11C1175CE00738166 /* PBXTargetDependency */ = {
			isa = PBXTargetDependency;
			target = 2C3B338A1C1175CE00738166 /* CuriosText */;
			targetProxy = 2C3B33A01C1175CE00738166 /* PBXContainerItemProxy */;
		};
		2C3B33AC1C1175CE00738166 /* PBXTargetDependency */ = {
			isa = PBXTargetDependency;
			target = 2C3B338A1C1175CE00738166 /* CuriosText */;
			targetProxy = 2C3B33AB1C1175CE00738166 /* PBXContainerItemProxy */;
		};
/* End PBXTargetDependency section */

/* Begin PBXVariantGroup section */
		2C3B33921C1175CE00738166 /* Main.storyboard */ = {
			isa = PBXVariantGroup;
			children = (
				2C3B33931C1175CE00738166 /* Base */,
			);
			name = Main.storyboard;
			sourceTree = "<group>";
		};
		2C3B33971C1175CE00738166 /* LaunchScreen.storyboard */ = {
			isa = PBXVariantGroup;
			children = (
				2C3B33981C1175CE00738166 /* Base */,
			);
			name = LaunchScreen.storyboard;
			sourceTree = "<group>";
		};
/* End PBXVariantGroup section */

/* Begin XCBuildConfiguration section */
		2C3B33B11C1175CE00738166 /* Debug */ = {
			isa = XCBuildConfiguration;
			buildSettings = {
				ALWAYS_SEARCH_USER_PATHS = NO;
				CLANG_CXX_LANGUAGE_STANDARD = "gnu++0x";
				CLANG_CXX_LIBRARY = "libc++";
				CLANG_ENABLE_MODULES = YES;
				CLANG_ENABLE_OBJC_ARC = YES;
				CLANG_WARN_BOOL_CONVERSION = YES;
				CLANG_WARN_CONSTANT_CONVERSION = YES;
				CLANG_WARN_DIRECT_OBJC_ISA_USAGE = YES_ERROR;
				CLANG_WARN_EMPTY_BODY = YES;
				CLANG_WARN_ENUM_CONVERSION = YES;
				CLANG_WARN_INT_CONVERSION = YES;
				CLANG_WARN_OBJC_ROOT_CLASS = YES_ERROR;
				CLANG_WARN_UNREACHABLE_CODE = YES;
				CLANG_WARN__DUPLICATE_METHOD_MATCH = YES;
				"CODE_SIGN_IDENTITY[sdk=iphoneos*]" = "iPhone Developer";
				COPY_PHASE_STRIP = NO;
				DEBUG_INFORMATION_FORMAT = dwarf;
				ENABLE_STRICT_OBJC_MSGSEND = YES;
				ENABLE_TESTABILITY = YES;
				GCC_C_LANGUAGE_STANDARD = gnu99;
				GCC_DYNAMIC_NO_PIC = NO;
				GCC_NO_COMMON_BLOCKS = YES;
				GCC_OPTIMIZATION_LEVEL = 0;
				GCC_PREPROCESSOR_DEFINITIONS = (
					"DEBUG=1",
					"$(inherited)",
				);
				GCC_WARN_64_TO_32_BIT_CONVERSION = YES;
				GCC_WARN_ABOUT_RETURN_TYPE = YES_ERROR;
				GCC_WARN_UNDECLARED_SELECTOR = YES;
				GCC_WARN_UNINITIALIZED_AUTOS = YES_AGGRESSIVE;
				GCC_WARN_UNUSED_FUNCTION = YES;
				GCC_WARN_UNUSED_VARIABLE = YES;
				IPHONEOS_DEPLOYMENT_TARGET = 9.1;
				MTL_ENABLE_DEBUG_INFO = YES;
				ONLY_ACTIVE_ARCH = YES;
				SDKROOT = iphoneos;
				SWIFT_OPTIMIZATION_LEVEL = "-Onone";
				TARGETED_DEVICE_FAMILY = "1,2";
			};
			name = Debug;
		};
		2C3B33B21C1175CE00738166 /* Release */ = {
			isa = XCBuildConfiguration;
			buildSettings = {
				ALWAYS_SEARCH_USER_PATHS = NO;
				CLANG_CXX_LANGUAGE_STANDARD = "gnu++0x";
				CLANG_CXX_LIBRARY = "libc++";
				CLANG_ENABLE_MODULES = YES;
				CLANG_ENABLE_OBJC_ARC = YES;
				CLANG_WARN_BOOL_CONVERSION = YES;
				CLANG_WARN_CONSTANT_CONVERSION = YES;
				CLANG_WARN_DIRECT_OBJC_ISA_USAGE = YES_ERROR;
				CLANG_WARN_EMPTY_BODY = YES;
				CLANG_WARN_ENUM_CONVERSION = YES;
				CLANG_WARN_INT_CONVERSION = YES;
				CLANG_WARN_OBJC_ROOT_CLASS = YES_ERROR;
				CLANG_WARN_UNREACHABLE_CODE = YES;
				CLANG_WARN__DUPLICATE_METHOD_MATCH = YES;
				"CODE_SIGN_IDENTITY[sdk=iphoneos*]" = "iPhone Developer";
				COPY_PHASE_STRIP = NO;
				DEBUG_INFORMATION_FORMAT = "dwarf-with-dsym";
				ENABLE_NS_ASSERTIONS = NO;
				ENABLE_STRICT_OBJC_MSGSEND = YES;
				GCC_C_LANGUAGE_STANDARD = gnu99;
				GCC_NO_COMMON_BLOCKS = YES;
				GCC_WARN_64_TO_32_BIT_CONVERSION = YES;
				GCC_WARN_ABOUT_RETURN_TYPE = YES_ERROR;
				GCC_WARN_UNDECLARED_SELECTOR = YES;
				GCC_WARN_UNINITIALIZED_AUTOS = YES_AGGRESSIVE;
				GCC_WARN_UNUSED_FUNCTION = YES;
				GCC_WARN_UNUSED_VARIABLE = YES;
				IPHONEOS_DEPLOYMENT_TARGET = 9.1;
				MTL_ENABLE_DEBUG_INFO = NO;
				SDKROOT = iphoneos;
				TARGETED_DEVICE_FAMILY = "1,2";
				VALIDATE_PRODUCT = YES;
			};
			name = Release;
		};
		2C3B33B41C1175CE00738166 /* Debug */ = {
			isa = XCBuildConfiguration;
			buildSettings = {
				ASSETCATALOG_COMPILER_APPICON_NAME = AppIcon;
				INFOPLIST_FILE = CuriosText/Info.plist;
				LD_RUNPATH_SEARCH_PATHS = "$(inherited) @executable_path/Frameworks";
				PRODUCT_BUNDLE_IDENTIFIER = com.botai.CuriosText;
				PRODUCT_NAME = "$(TARGET_NAME)";
			};
			name = Debug;
		};
		2C3B33B51C1175CE00738166 /* Release */ = {
			isa = XCBuildConfiguration;
			buildSettings = {
				ASSETCATALOG_COMPILER_APPICON_NAME = AppIcon;
				INFOPLIST_FILE = CuriosText/Info.plist;
				LD_RUNPATH_SEARCH_PATHS = "$(inherited) @executable_path/Frameworks";
				PRODUCT_BUNDLE_IDENTIFIER = com.botai.CuriosText;
				PRODUCT_NAME = "$(TARGET_NAME)";
			};
			name = Release;
		};
		2C3B33B71C1175CE00738166 /* Debug */ = {
			isa = XCBuildConfiguration;
			buildSettings = {
				BUNDLE_LOADER = "$(TEST_HOST)";
				INFOPLIST_FILE = CuriosTextTests/Info.plist;
				LD_RUNPATH_SEARCH_PATHS = "$(inherited) @executable_path/Frameworks @loader_path/Frameworks";
				PRODUCT_BUNDLE_IDENTIFIER = com.botai.CuriosTextTests;
				PRODUCT_NAME = "$(TARGET_NAME)";
				TEST_HOST = "$(BUILT_PRODUCTS_DIR)/CuriosText.app/CuriosText";
			};
			name = Debug;
		};
		2C3B33B81C1175CE00738166 /* Release */ = {
			isa = XCBuildConfiguration;
			buildSettings = {
				BUNDLE_LOADER = "$(TEST_HOST)";
				INFOPLIST_FILE = CuriosTextTests/Info.plist;
				LD_RUNPATH_SEARCH_PATHS = "$(inherited) @executable_path/Frameworks @loader_path/Frameworks";
				PRODUCT_BUNDLE_IDENTIFIER = com.botai.CuriosTextTests;
				PRODUCT_NAME = "$(TARGET_NAME)";
				TEST_HOST = "$(BUILT_PRODUCTS_DIR)/CuriosText.app/CuriosText";
			};
			name = Release;
		};
		2C3B33BA1C1175CE00738166 /* Debug */ = {
			isa = XCBuildConfiguration;
			buildSettings = {
				INFOPLIST_FILE = CuriosTextUITests/Info.plist;
				LD_RUNPATH_SEARCH_PATHS = "$(inherited) @executable_path/Frameworks @loader_path/Frameworks";
				PRODUCT_BUNDLE_IDENTIFIER = com.botai.CuriosTextUITests;
				PRODUCT_NAME = "$(TARGET_NAME)";
				TEST_TARGET_NAME = CuriosText;
				USES_XCTRUNNER = YES;
			};
			name = Debug;
		};
		2C3B33BB1C1175CE00738166 /* Release */ = {
			isa = XCBuildConfiguration;
			buildSettings = {
				INFOPLIST_FILE = CuriosTextUITests/Info.plist;
				LD_RUNPATH_SEARCH_PATHS = "$(inherited) @executable_path/Frameworks @loader_path/Frameworks";
				PRODUCT_BUNDLE_IDENTIFIER = com.botai.CuriosTextUITests;
				PRODUCT_NAME = "$(TARGET_NAME)";
				TEST_TARGET_NAME = CuriosText;
				USES_XCTRUNNER = YES;
			};
			name = Release;
		};
/* End XCBuildConfiguration section */

/* Begin XCConfigurationList section */
		2C3B33861C1175CE00738166 /* Build configuration list for PBXProject "CuriosText" */ = {
			isa = XCConfigurationList;
			buildConfigurations = (
				2C3B33B11C1175CE00738166 /* Debug */,
				2C3B33B21C1175CE00738166 /* Release */,
			);
			defaultConfigurationIsVisible = 0;
			defaultConfigurationName = Release;
		};
		2C3B33B31C1175CE00738166 /* Build configuration list for PBXNativeTarget "CuriosText" */ = {
			isa = XCConfigurationList;
			buildConfigurations = (
				2C3B33B41C1175CE00738166 /* Debug */,
				2C3B33B51C1175CE00738166 /* Release */,
			);
			defaultConfigurationIsVisible = 0;
		};
		2C3B33B61C1175CE00738166 /* Build configuration list for PBXNativeTarget "CuriosTextTests" */ = {
			isa = XCConfigurationList;
			buildConfigurations = (
				2C3B33B71C1175CE00738166 /* Debug */,
				2C3B33B81C1175CE00738166 /* Release */,
			);
			defaultConfigurationIsVisible = 0;
		};
		2C3B33B91C1175CE00738166 /* Build configuration list for PBXNativeTarget "CuriosTextUITests" */ = {
			isa = XCConfigurationList;
			buildConfigurations = (
				2C3B33BA1C1175CE00738166 /* Debug */,
				2C3B33BB1C1175CE00738166 /* Release */,
			);
			defaultConfigurationIsVisible = 0;
		};
/* End XCConfigurationList section */
	};
	rootObject = 2C3B33831C1175CE00738166 /* Project object */;
}
